
Microsoft Visual Studio Solution File, Format Version 12.00
# Visual Studio Version 17
VisualStudioVersion = 17.7.34221.43
MinimumVisualStudioVersion = 10.0.40219.1
Project("{8BC9CEB8-8B4A-11D0-8D11-00A0C91BC942}") = "PeriodLibraryProject", "PeriodLibraryProject\PeriodLibraryProject.vcxproj", "{AADADADF-6842-4B8A-B254-4448B40B714E}"
EndProject
Global
	GlobalSection(SolutionConfigurationPlatforms) = preSolution
		Debug|x64 = Debug|x64
		Debug|x86 = Debug|x86
		Release|x64 = Release|x64
		Release|x86 = Release|x86
	EndGlobalSection
	GlobalSection(ProjectConfigurationPlatforms) = postSolution
		{AADADADF-6842-4B8A-B254-4448B40B714E}.Debug|x64.ActiveCfg = Debug|x64
		{AADADADF-6842-4B8A-B254-4448B40B714E}.Debug|x64.Build.0 = Debug|x64
		{AADADADF-6842-4B8A-B254-4448B40B714E}.Debug|x86.ActiveCfg = Debug|Win32
		{AADADADF-6842-4B8A-B254-4448B40B714E}.Debug|x86.Build.0 = Debug|Win32
		{AADADADF-6842-4B8A-B254-4448B40B714E}.Release|x64.ActiveCfg = Release|x64
		{AADADADF-6842-4B8A-B254-4448B40B714E}.Release|x64.Build.0 = Release|x64
		{AADADADF-6842-4B8A-B254-4448B40B714E}.Release|x86.ActiveCfg = Release|Win32
		{AADADADF-6842-4B8A-B254-4448B40B714E}.Release|x86.Build.0 = Release|Win32
	EndGlobalSection
	GlobalSection(SolutionProperties) = preSolution
		HideSolutionNode = FALSE
	EndGlobalSection
	GlobalSection(ExtensibilityGlobals) = postSolution
		SolutionGuid = {A6D91A68-25B0-4CB4-A050-B8121BC38E8D}
	EndGlobalSection
EndGlobal
